// !$*UTF8*$!
{
	archiveVersion = 1;
	classes = {
	};
	objectVersion = 50;
	objects = {

/* Begin PBXBuildFile section */
<<<<<<< HEAD
		BEF9418125CF0C4400FDA780 /* window_shopperApp.swift in Sources */ = {isa = PBXBuildFile; fileRef = BEF9418025CF0C4400FDA780 /* window_shopperApp.swift */; };
		BEF9418325CF0C4400FDA780 /* ContentView.swift in Sources */ = {isa = PBXBuildFile; fileRef = BEF9418225CF0C4400FDA780 /* ContentView.swift */; };
		BEF9418525CF0C4500FDA780 /* Assets.xcassets in Resources */ = {isa = PBXBuildFile; fileRef = BEF9418425CF0C4500FDA780 /* Assets.xcassets */; };
		BEF9418825CF0C4500FDA780 /* Preview Assets.xcassets in Resources */ = {isa = PBXBuildFile; fileRef = BEF9418725CF0C4500FDA780 /* Preview Assets.xcassets */; };
/* End PBXBuildFile section */

/* Begin PBXFileReference section */
		BEF9417D25CF0C4400FDA780 /* window-shopper.app */ = {isa = PBXFileReference; explicitFileType = wrapper.application; includeInIndex = 0; path = "window-shopper.app"; sourceTree = BUILT_PRODUCTS_DIR; };
		BEF9418025CF0C4400FDA780 /* window_shopperApp.swift */ = {isa = PBXFileReference; lastKnownFileType = sourcecode.swift; path = window_shopperApp.swift; sourceTree = "<group>"; };
		BEF9418225CF0C4400FDA780 /* ContentView.swift */ = {isa = PBXFileReference; lastKnownFileType = sourcecode.swift; path = ContentView.swift; sourceTree = "<group>"; };
		BEF9418425CF0C4500FDA780 /* Assets.xcassets */ = {isa = PBXFileReference; lastKnownFileType = folder.assetcatalog; path = Assets.xcassets; sourceTree = "<group>"; };
		BEF9418725CF0C4500FDA780 /* Preview Assets.xcassets */ = {isa = PBXFileReference; lastKnownFileType = folder.assetcatalog; path = "Preview Assets.xcassets"; sourceTree = "<group>"; };
		BEF9418925CF0C4500FDA780 /* Info.plist */ = {isa = PBXFileReference; lastKnownFileType = text.plist.xml; path = Info.plist; sourceTree = "<group>"; };
/* End PBXFileReference section */

/* Begin PBXFrameworksBuildPhase section */
		BEF9417A25CF0C4400FDA780 /* Frameworks */ = {
=======
		BEF941B925CF0DE500FDA780 /* AppDelegate.swift in Sources */ = {isa = PBXBuildFile; fileRef = BEF941B825CF0DE500FDA780 /* AppDelegate.swift */; };
		BEF941BB25CF0DE500FDA780 /* SceneDelegate.swift in Sources */ = {isa = PBXBuildFile; fileRef = BEF941BA25CF0DE500FDA780 /* SceneDelegate.swift */; };
		BEF941BD25CF0DE500FDA780 /* mainVC.swift in Sources */ = {isa = PBXBuildFile; fileRef = BEF941BC25CF0DE500FDA780 /* mainVC.swift */; };
		BEF941C025CF0DE500FDA780 /* Main.storyboard in Resources */ = {isa = PBXBuildFile; fileRef = BEF941BE25CF0DE500FDA780 /* Main.storyboard */; };
		BEF941C225CF0DE800FDA780 /* Assets.xcassets in Resources */ = {isa = PBXBuildFile; fileRef = BEF941C125CF0DE800FDA780 /* Assets.xcassets */; };
		BEF941C525CF0DE800FDA780 /* LaunchScreen.storyboard in Resources */ = {isa = PBXBuildFile; fileRef = BEF941C325CF0DE800FDA780 /* LaunchScreen.storyboard */; };
		BEF941D325CF12A800FDA780 /* CurrencyTxtField.swift in Sources */ = {isa = PBXBuildFile; fileRef = BEF941D225CF12A800FDA780 /* CurrencyTxtField.swift */; };
/* End PBXBuildFile section */

/* Begin PBXFileReference section */
		BEF941B525CF0DE500FDA780 /* window-shopper.app */ = {isa = PBXFileReference; explicitFileType = wrapper.application; includeInIndex = 0; path = "window-shopper.app"; sourceTree = BUILT_PRODUCTS_DIR; };
		BEF941B825CF0DE500FDA780 /* AppDelegate.swift */ = {isa = PBXFileReference; lastKnownFileType = sourcecode.swift; path = AppDelegate.swift; sourceTree = "<group>"; };
		BEF941BA25CF0DE500FDA780 /* SceneDelegate.swift */ = {isa = PBXFileReference; lastKnownFileType = sourcecode.swift; path = SceneDelegate.swift; sourceTree = "<group>"; };
		BEF941BC25CF0DE500FDA780 /* mainVC.swift */ = {isa = PBXFileReference; lastKnownFileType = sourcecode.swift; path = mainVC.swift; sourceTree = "<group>"; };
		BEF941BF25CF0DE500FDA780 /* Base */ = {isa = PBXFileReference; lastKnownFileType = file.storyboard; name = Base; path = Base.lproj/Main.storyboard; sourceTree = "<group>"; };
		BEF941C125CF0DE800FDA780 /* Assets.xcassets */ = {isa = PBXFileReference; lastKnownFileType = folder.assetcatalog; path = Assets.xcassets; sourceTree = "<group>"; };
		BEF941C425CF0DE800FDA780 /* Base */ = {isa = PBXFileReference; lastKnownFileType = file.storyboard; name = Base; path = Base.lproj/LaunchScreen.storyboard; sourceTree = "<group>"; };
		BEF941C625CF0DE800FDA780 /* Info.plist */ = {isa = PBXFileReference; lastKnownFileType = text.plist.xml; path = Info.plist; sourceTree = "<group>"; };
		BEF941D225CF12A800FDA780 /* CurrencyTxtField.swift */ = {isa = PBXFileReference; lastKnownFileType = sourcecode.swift; path = CurrencyTxtField.swift; sourceTree = "<group>"; };
/* End PBXFileReference section */

/* Begin PBXFrameworksBuildPhase section */
		BEF941B225CF0DE500FDA780 /* Frameworks */ = {
>>>>>>> lesson-01
			isa = PBXFrameworksBuildPhase;
			buildActionMask = 2147483647;
			files = (
			);
			runOnlyForDeploymentPostprocessing = 0;
		};
/* End PBXFrameworksBuildPhase section */

/* Begin PBXGroup section */
<<<<<<< HEAD
		BEF9417425CF0C4300FDA780 = {
			isa = PBXGroup;
			children = (
				BEF9417F25CF0C4400FDA780 /* window-shopper */,
				BEF9417E25CF0C4400FDA780 /* Products */,
			);
			sourceTree = "<group>";
		};
		BEF9417E25CF0C4400FDA780 /* Products */ = {
			isa = PBXGroup;
			children = (
				BEF9417D25CF0C4400FDA780 /* window-shopper.app */,
=======
		BEF941AC25CF0DE500FDA780 = {
			isa = PBXGroup;
			children = (
				BEF941B725CF0DE500FDA780 /* window-shopper */,
				BEF941B625CF0DE500FDA780 /* Products */,
			);
			sourceTree = "<group>";
		};
		BEF941B625CF0DE500FDA780 /* Products */ = {
			isa = PBXGroup;
			children = (
				BEF941B525CF0DE500FDA780 /* window-shopper.app */,
>>>>>>> lesson-01
			);
			name = Products;
			sourceTree = "<group>";
		};
<<<<<<< HEAD
		BEF9417F25CF0C4400FDA780 /* window-shopper */ = {
			isa = PBXGroup;
			children = (
				BEF9418025CF0C4400FDA780 /* window_shopperApp.swift */,
				BEF9418225CF0C4400FDA780 /* ContentView.swift */,
				BEF9418425CF0C4500FDA780 /* Assets.xcassets */,
				BEF9418925CF0C4500FDA780 /* Info.plist */,
				BEF9418625CF0C4500FDA780 /* Preview Content */,
=======
		BEF941B725CF0DE500FDA780 /* window-shopper */ = {
			isa = PBXGroup;
			children = (
				BEF941D125CF124E00FDA780 /* Views */,
				BEF941CD25CF0E1A00FDA780 /* Controller */,
				BEF941B825CF0DE500FDA780 /* AppDelegate.swift */,
				BEF941BA25CF0DE500FDA780 /* SceneDelegate.swift */,
				BEF941BE25CF0DE500FDA780 /* Main.storyboard */,
				BEF941C125CF0DE800FDA780 /* Assets.xcassets */,
				BEF941C325CF0DE800FDA780 /* LaunchScreen.storyboard */,
				BEF941C625CF0DE800FDA780 /* Info.plist */,
>>>>>>> lesson-01
			);
			path = "window-shopper";
			sourceTree = "<group>";
		};
<<<<<<< HEAD
		BEF9418625CF0C4500FDA780 /* Preview Content */ = {
			isa = PBXGroup;
			children = (
				BEF9418725CF0C4500FDA780 /* Preview Assets.xcassets */,
			);
			path = "Preview Content";
=======
		BEF941CD25CF0E1A00FDA780 /* Controller */ = {
			isa = PBXGroup;
			children = (
				BEF941BC25CF0DE500FDA780 /* mainVC.swift */,
			);
			path = Controller;
			sourceTree = "<group>";
		};
		BEF941D125CF124E00FDA780 /* Views */ = {
			isa = PBXGroup;
			children = (
				BEF941D225CF12A800FDA780 /* CurrencyTxtField.swift */,
			);
			path = Views;
>>>>>>> lesson-01
			sourceTree = "<group>";
		};
/* End PBXGroup section */

/* Begin PBXNativeTarget section */
<<<<<<< HEAD
		BEF9417C25CF0C4400FDA780 /* window-shopper */ = {
			isa = PBXNativeTarget;
			buildConfigurationList = BEF9418C25CF0C4500FDA780 /* Build configuration list for PBXNativeTarget "window-shopper" */;
			buildPhases = (
				BEF9417925CF0C4400FDA780 /* Sources */,
				BEF9417A25CF0C4400FDA780 /* Frameworks */,
				BEF9417B25CF0C4400FDA780 /* Resources */,
=======
		BEF941B425CF0DE500FDA780 /* window-shopper */ = {
			isa = PBXNativeTarget;
			buildConfigurationList = BEF941C925CF0DE800FDA780 /* Build configuration list for PBXNativeTarget "window-shopper" */;
			buildPhases = (
				BEF941B125CF0DE500FDA780 /* Sources */,
				BEF941B225CF0DE500FDA780 /* Frameworks */,
				BEF941B325CF0DE500FDA780 /* Resources */,
>>>>>>> lesson-01
			);
			buildRules = (
			);
			dependencies = (
			);
			name = "window-shopper";
			productName = "window-shopper";
<<<<<<< HEAD
			productReference = BEF9417D25CF0C4400FDA780 /* window-shopper.app */;
=======
			productReference = BEF941B525CF0DE500FDA780 /* window-shopper.app */;
>>>>>>> lesson-01
			productType = "com.apple.product-type.application";
		};
/* End PBXNativeTarget section */

/* Begin PBXProject section */
<<<<<<< HEAD
		BEF9417525CF0C4300FDA780 /* Project object */ = {
=======
		BEF941AD25CF0DE500FDA780 /* Project object */ = {
>>>>>>> lesson-01
			isa = PBXProject;
			attributes = {
				LastSwiftUpdateCheck = 1240;
				LastUpgradeCheck = 1240;
				TargetAttributes = {
<<<<<<< HEAD
					BEF9417C25CF0C4400FDA780 = {
=======
					BEF941B425CF0DE500FDA780 = {
>>>>>>> lesson-01
						CreatedOnToolsVersion = 12.4;
					};
				};
			};
<<<<<<< HEAD
			buildConfigurationList = BEF9417825CF0C4300FDA780 /* Build configuration list for PBXProject "window-shopper" */;
=======
			buildConfigurationList = BEF941B025CF0DE500FDA780 /* Build configuration list for PBXProject "window-shopper" */;
>>>>>>> lesson-01
			compatibilityVersion = "Xcode 9.3";
			developmentRegion = en;
			hasScannedForEncodings = 0;
			knownRegions = (
				en,
				Base,
			);
<<<<<<< HEAD
			mainGroup = BEF9417425CF0C4300FDA780;
			productRefGroup = BEF9417E25CF0C4400FDA780 /* Products */;
			projectDirPath = "";
			projectRoot = "";
			targets = (
				BEF9417C25CF0C4400FDA780 /* window-shopper */,
=======
			mainGroup = BEF941AC25CF0DE500FDA780;
			productRefGroup = BEF941B625CF0DE500FDA780 /* Products */;
			projectDirPath = "";
			projectRoot = "";
			targets = (
				BEF941B425CF0DE500FDA780 /* window-shopper */,
>>>>>>> lesson-01
			);
		};
/* End PBXProject section */

/* Begin PBXResourcesBuildPhase section */
<<<<<<< HEAD
		BEF9417B25CF0C4400FDA780 /* Resources */ = {
			isa = PBXResourcesBuildPhase;
			buildActionMask = 2147483647;
			files = (
				BEF9418825CF0C4500FDA780 /* Preview Assets.xcassets in Resources */,
				BEF9418525CF0C4500FDA780 /* Assets.xcassets in Resources */,
=======
		BEF941B325CF0DE500FDA780 /* Resources */ = {
			isa = PBXResourcesBuildPhase;
			buildActionMask = 2147483647;
			files = (
				BEF941C525CF0DE800FDA780 /* LaunchScreen.storyboard in Resources */,
				BEF941C225CF0DE800FDA780 /* Assets.xcassets in Resources */,
				BEF941C025CF0DE500FDA780 /* Main.storyboard in Resources */,
>>>>>>> lesson-01
			);
			runOnlyForDeploymentPostprocessing = 0;
		};
/* End PBXResourcesBuildPhase section */

/* Begin PBXSourcesBuildPhase section */
<<<<<<< HEAD
		BEF9417925CF0C4400FDA780 /* Sources */ = {
			isa = PBXSourcesBuildPhase;
			buildActionMask = 2147483647;
			files = (
				BEF9418325CF0C4400FDA780 /* ContentView.swift in Sources */,
				BEF9418125CF0C4400FDA780 /* window_shopperApp.swift in Sources */,
=======
		BEF941B125CF0DE500FDA780 /* Sources */ = {
			isa = PBXSourcesBuildPhase;
			buildActionMask = 2147483647;
			files = (
				BEF941D325CF12A800FDA780 /* CurrencyTxtField.swift in Sources */,
				BEF941BD25CF0DE500FDA780 /* mainVC.swift in Sources */,
				BEF941B925CF0DE500FDA780 /* AppDelegate.swift in Sources */,
				BEF941BB25CF0DE500FDA780 /* SceneDelegate.swift in Sources */,
>>>>>>> lesson-01
			);
			runOnlyForDeploymentPostprocessing = 0;
		};
/* End PBXSourcesBuildPhase section */

<<<<<<< HEAD
/* Begin XCBuildConfiguration section */
		BEF9418A25CF0C4500FDA780 /* Debug */ = {
=======
/* Begin PBXVariantGroup section */
		BEF941BE25CF0DE500FDA780 /* Main.storyboard */ = {
			isa = PBXVariantGroup;
			children = (
				BEF941BF25CF0DE500FDA780 /* Base */,
			);
			name = Main.storyboard;
			sourceTree = "<group>";
		};
		BEF941C325CF0DE800FDA780 /* LaunchScreen.storyboard */ = {
			isa = PBXVariantGroup;
			children = (
				BEF941C425CF0DE800FDA780 /* Base */,
			);
			name = LaunchScreen.storyboard;
			sourceTree = "<group>";
		};
/* End PBXVariantGroup section */

/* Begin XCBuildConfiguration section */
		BEF941C725CF0DE800FDA780 /* Debug */ = {
>>>>>>> lesson-01
			isa = XCBuildConfiguration;
			buildSettings = {
				ALWAYS_SEARCH_USER_PATHS = NO;
				CLANG_ANALYZER_NONNULL = YES;
				CLANG_ANALYZER_NUMBER_OBJECT_CONVERSION = YES_AGGRESSIVE;
				CLANG_CXX_LANGUAGE_STANDARD = "gnu++14";
				CLANG_CXX_LIBRARY = "libc++";
				CLANG_ENABLE_MODULES = YES;
				CLANG_ENABLE_OBJC_ARC = YES;
				CLANG_ENABLE_OBJC_WEAK = YES;
				CLANG_WARN_BLOCK_CAPTURE_AUTORELEASING = YES;
				CLANG_WARN_BOOL_CONVERSION = YES;
				CLANG_WARN_COMMA = YES;
				CLANG_WARN_CONSTANT_CONVERSION = YES;
				CLANG_WARN_DEPRECATED_OBJC_IMPLEMENTATIONS = YES;
				CLANG_WARN_DIRECT_OBJC_ISA_USAGE = YES_ERROR;
				CLANG_WARN_DOCUMENTATION_COMMENTS = YES;
				CLANG_WARN_EMPTY_BODY = YES;
				CLANG_WARN_ENUM_CONVERSION = YES;
				CLANG_WARN_INFINITE_RECURSION = YES;
				CLANG_WARN_INT_CONVERSION = YES;
				CLANG_WARN_NON_LITERAL_NULL_CONVERSION = YES;
				CLANG_WARN_OBJC_IMPLICIT_RETAIN_SELF = YES;
				CLANG_WARN_OBJC_LITERAL_CONVERSION = YES;
				CLANG_WARN_OBJC_ROOT_CLASS = YES_ERROR;
				CLANG_WARN_QUOTED_INCLUDE_IN_FRAMEWORK_HEADER = YES;
				CLANG_WARN_RANGE_LOOP_ANALYSIS = YES;
				CLANG_WARN_STRICT_PROTOTYPES = YES;
				CLANG_WARN_SUSPICIOUS_MOVE = YES;
				CLANG_WARN_UNGUARDED_AVAILABILITY = YES_AGGRESSIVE;
				CLANG_WARN_UNREACHABLE_CODE = YES;
				CLANG_WARN__DUPLICATE_METHOD_MATCH = YES;
				COPY_PHASE_STRIP = NO;
				DEBUG_INFORMATION_FORMAT = dwarf;
				ENABLE_STRICT_OBJC_MSGSEND = YES;
				ENABLE_TESTABILITY = YES;
				GCC_C_LANGUAGE_STANDARD = gnu11;
				GCC_DYNAMIC_NO_PIC = NO;
				GCC_NO_COMMON_BLOCKS = YES;
				GCC_OPTIMIZATION_LEVEL = 0;
				GCC_PREPROCESSOR_DEFINITIONS = (
					"DEBUG=1",
					"$(inherited)",
				);
				GCC_WARN_64_TO_32_BIT_CONVERSION = YES;
				GCC_WARN_ABOUT_RETURN_TYPE = YES_ERROR;
				GCC_WARN_UNDECLARED_SELECTOR = YES;
				GCC_WARN_UNINITIALIZED_AUTOS = YES_AGGRESSIVE;
				GCC_WARN_UNUSED_FUNCTION = YES;
				GCC_WARN_UNUSED_VARIABLE = YES;
				IPHONEOS_DEPLOYMENT_TARGET = 14.4;
				MTL_ENABLE_DEBUG_INFO = INCLUDE_SOURCE;
				MTL_FAST_MATH = YES;
				ONLY_ACTIVE_ARCH = YES;
				SDKROOT = iphoneos;
				SWIFT_ACTIVE_COMPILATION_CONDITIONS = DEBUG;
				SWIFT_OPTIMIZATION_LEVEL = "-Onone";
			};
			name = Debug;
		};
<<<<<<< HEAD
		BEF9418B25CF0C4500FDA780 /* Release */ = {
=======
		BEF941C825CF0DE800FDA780 /* Release */ = {
>>>>>>> lesson-01
			isa = XCBuildConfiguration;
			buildSettings = {
				ALWAYS_SEARCH_USER_PATHS = NO;
				CLANG_ANALYZER_NONNULL = YES;
				CLANG_ANALYZER_NUMBER_OBJECT_CONVERSION = YES_AGGRESSIVE;
				CLANG_CXX_LANGUAGE_STANDARD = "gnu++14";
				CLANG_CXX_LIBRARY = "libc++";
				CLANG_ENABLE_MODULES = YES;
				CLANG_ENABLE_OBJC_ARC = YES;
				CLANG_ENABLE_OBJC_WEAK = YES;
				CLANG_WARN_BLOCK_CAPTURE_AUTORELEASING = YES;
				CLANG_WARN_BOOL_CONVERSION = YES;
				CLANG_WARN_COMMA = YES;
				CLANG_WARN_CONSTANT_CONVERSION = YES;
				CLANG_WARN_DEPRECATED_OBJC_IMPLEMENTATIONS = YES;
				CLANG_WARN_DIRECT_OBJC_ISA_USAGE = YES_ERROR;
				CLANG_WARN_DOCUMENTATION_COMMENTS = YES;
				CLANG_WARN_EMPTY_BODY = YES;
				CLANG_WARN_ENUM_CONVERSION = YES;
				CLANG_WARN_INFINITE_RECURSION = YES;
				CLANG_WARN_INT_CONVERSION = YES;
				CLANG_WARN_NON_LITERAL_NULL_CONVERSION = YES;
				CLANG_WARN_OBJC_IMPLICIT_RETAIN_SELF = YES;
				CLANG_WARN_OBJC_LITERAL_CONVERSION = YES;
				CLANG_WARN_OBJC_ROOT_CLASS = YES_ERROR;
				CLANG_WARN_QUOTED_INCLUDE_IN_FRAMEWORK_HEADER = YES;
				CLANG_WARN_RANGE_LOOP_ANALYSIS = YES;
				CLANG_WARN_STRICT_PROTOTYPES = YES;
				CLANG_WARN_SUSPICIOUS_MOVE = YES;
				CLANG_WARN_UNGUARDED_AVAILABILITY = YES_AGGRESSIVE;
				CLANG_WARN_UNREACHABLE_CODE = YES;
				CLANG_WARN__DUPLICATE_METHOD_MATCH = YES;
				COPY_PHASE_STRIP = NO;
				DEBUG_INFORMATION_FORMAT = "dwarf-with-dsym";
				ENABLE_NS_ASSERTIONS = NO;
				ENABLE_STRICT_OBJC_MSGSEND = YES;
				GCC_C_LANGUAGE_STANDARD = gnu11;
				GCC_NO_COMMON_BLOCKS = YES;
				GCC_WARN_64_TO_32_BIT_CONVERSION = YES;
				GCC_WARN_ABOUT_RETURN_TYPE = YES_ERROR;
				GCC_WARN_UNDECLARED_SELECTOR = YES;
				GCC_WARN_UNINITIALIZED_AUTOS = YES_AGGRESSIVE;
				GCC_WARN_UNUSED_FUNCTION = YES;
				GCC_WARN_UNUSED_VARIABLE = YES;
				IPHONEOS_DEPLOYMENT_TARGET = 14.4;
				MTL_ENABLE_DEBUG_INFO = NO;
				MTL_FAST_MATH = YES;
				SDKROOT = iphoneos;
				SWIFT_COMPILATION_MODE = wholemodule;
				SWIFT_OPTIMIZATION_LEVEL = "-O";
				VALIDATE_PRODUCT = YES;
			};
			name = Release;
		};
<<<<<<< HEAD
		BEF9418D25CF0C4500FDA780 /* Debug */ = {
=======
		BEF941CA25CF0DE800FDA780 /* Debug */ = {
>>>>>>> lesson-01
			isa = XCBuildConfiguration;
			buildSettings = {
				ASSETCATALOG_COMPILER_APPICON_NAME = AppIcon;
				ASSETCATALOG_COMPILER_GLOBAL_ACCENT_COLOR_NAME = AccentColor;
				CODE_SIGN_STYLE = Automatic;
<<<<<<< HEAD
				DEVELOPMENT_ASSET_PATHS = "\"window-shopper/Preview Content\"";
				ENABLE_PREVIEWS = YES;
				INFOPLIST_FILE = "window-shopper/Info.plist";
				IPHONEOS_DEPLOYMENT_TARGET = 14.0;
=======
				DEVELOPMENT_TEAM = 877MN2RY22;
				INFOPLIST_FILE = "window-shopper/Info.plist";
>>>>>>> lesson-01
				LD_RUNPATH_SEARCH_PATHS = (
					"$(inherited)",
					"@executable_path/Frameworks",
				);
				PRODUCT_BUNDLE_IDENTIFIER = "com.yoogail.window-shopper";
				PRODUCT_NAME = "$(TARGET_NAME)";
				SWIFT_VERSION = 5.0;
				TARGETED_DEVICE_FAMILY = "1,2";
			};
			name = Debug;
		};
<<<<<<< HEAD
		BEF9418E25CF0C4500FDA780 /* Release */ = {
=======
		BEF941CB25CF0DE800FDA780 /* Release */ = {
>>>>>>> lesson-01
			isa = XCBuildConfiguration;
			buildSettings = {
				ASSETCATALOG_COMPILER_APPICON_NAME = AppIcon;
				ASSETCATALOG_COMPILER_GLOBAL_ACCENT_COLOR_NAME = AccentColor;
				CODE_SIGN_STYLE = Automatic;
<<<<<<< HEAD
				DEVELOPMENT_ASSET_PATHS = "\"window-shopper/Preview Content\"";
				ENABLE_PREVIEWS = YES;
				INFOPLIST_FILE = "window-shopper/Info.plist";
				IPHONEOS_DEPLOYMENT_TARGET = 14.0;
=======
				DEVELOPMENT_TEAM = 877MN2RY22;
				INFOPLIST_FILE = "window-shopper/Info.plist";
>>>>>>> lesson-01
				LD_RUNPATH_SEARCH_PATHS = (
					"$(inherited)",
					"@executable_path/Frameworks",
				);
				PRODUCT_BUNDLE_IDENTIFIER = "com.yoogail.window-shopper";
				PRODUCT_NAME = "$(TARGET_NAME)";
				SWIFT_VERSION = 5.0;
				TARGETED_DEVICE_FAMILY = "1,2";
			};
			name = Release;
		};
/* End XCBuildConfiguration section */

/* Begin XCConfigurationList section */
<<<<<<< HEAD
		BEF9417825CF0C4300FDA780 /* Build configuration list for PBXProject "window-shopper" */ = {
			isa = XCConfigurationList;
			buildConfigurations = (
				BEF9418A25CF0C4500FDA780 /* Debug */,
				BEF9418B25CF0C4500FDA780 /* Release */,
=======
		BEF941B025CF0DE500FDA780 /* Build configuration list for PBXProject "window-shopper" */ = {
			isa = XCConfigurationList;
			buildConfigurations = (
				BEF941C725CF0DE800FDA780 /* Debug */,
				BEF941C825CF0DE800FDA780 /* Release */,
>>>>>>> lesson-01
			);
			defaultConfigurationIsVisible = 0;
			defaultConfigurationName = Release;
		};
<<<<<<< HEAD
		BEF9418C25CF0C4500FDA780 /* Build configuration list for PBXNativeTarget "window-shopper" */ = {
			isa = XCConfigurationList;
			buildConfigurations = (
				BEF9418D25CF0C4500FDA780 /* Debug */,
				BEF9418E25CF0C4500FDA780 /* Release */,
=======
		BEF941C925CF0DE800FDA780 /* Build configuration list for PBXNativeTarget "window-shopper" */ = {
			isa = XCConfigurationList;
			buildConfigurations = (
				BEF941CA25CF0DE800FDA780 /* Debug */,
				BEF941CB25CF0DE800FDA780 /* Release */,
>>>>>>> lesson-01
			);
			defaultConfigurationIsVisible = 0;
			defaultConfigurationName = Release;
		};
/* End XCConfigurationList section */
	};
<<<<<<< HEAD
	rootObject = BEF9417525CF0C4300FDA780 /* Project object */;
=======
	rootObject = BEF941AD25CF0DE500FDA780 /* Project object */;
>>>>>>> lesson-01
}
